
Microsoft Visual Studio Solution File, Format Version 11.00
# Visual Studio 2010
Project("{FAE04EC0-301F-11D3-BF4B-00C04F79EFBC}") = "Assembly-CSharp", "Assembly-CSharp.csproj", "{c65bf76b-f75f-d53c-9469-f9369a692012}"
EndProject
Project("{FAE04EC0-301F-11D3-BF4B-00C04F79EFBC}") = "Assembly-CSharp-Editor", "Assembly-CSharp-Editor.csproj", "{f46d80c1-ae15-d4dc-cc8d-8e898cbf67e9}"
EndProject
Global
	GlobalSection(SolutionConfigurationPlatforms) = preSolution
		Debug|Any CPU = Debug|Any CPU
	EndGlobalSection
	GlobalSection(ProjectConfigurationPlatforms) = postSolution
		{c65bf76b-f75f-d53c-9469-f9369a692012}.Debug|Any CPU.ActiveCfg = Debug|Any CPU
		{c65bf76b-f75f-d53c-9469-f9369a692012}.Debug|Any CPU.Build.0 = Debug|Any CPU
		{f46d80c1-ae15-d4dc-cc8d-8e898cbf67e9}.Debug|Any CPU.ActiveCfg = Debug|Any CPU
		{f46d80c1-ae15-d4dc-cc8d-8e898cbf67e9}.Debug|Any CPU.Build.0 = Debug|Any CPU
	EndGlobalSection
	GlobalSection(SolutionProperties) = preSolution
		HideSolutionNode = FALSE
	EndGlobalSection
EndGlobal
